{
    "_readme": [
        "This file locks the dependencies of your project to a known state",
        "Read more about it at http://getcomposer.org/doc/01-basic-usage.md#composer-lock-the-lock-file",
        "This file is @generated automatically"
    ],
    "hash": "0a3b4fa749e4441479f83be73adb9aa8",
    "packages": [],
    "packages-dev": [
        {
            "name": "joefallon/phpautoloader",
            "version": "v2.0.2",
            "source": {
                "type": "git",
                "url": "https://github.com/joefallon/phpautoloader.git",
                "reference": "79284475b671923f91f1af9286204b3821b08298"
            },
            "dist": {
                "type": "zip",
                "url": "https://api.github.com/repos/joefallon/phpautoloader/zipball/79284475b671923f91f1af9286204b3821b08298",
                "reference": "79284475b671923f91f1af9286204b3821b08298",
                "shasum": ""
            },
            "type": "library",
            "autoload": {
                "psr-0": {
                    "JoeFallon": "src/"
                }
            },
            "notification-url": "https://packagist.org/downloads/",
            "license": [
                "MIT"
            ],
            "authors": [
                {
                    "name": "Joe Fallon",
                    "email": "joseph.t.fallon@gmail.com",
                    "homepage": "http://blog.joefallon.net/",
                    "role": "Lead Developer"
                }
            ],
            "description": "Joe's simple to use and versatile PHP autoloader.",
            "homepage": "https://github.com/joefallon/phpautoloader",
            "keywords": [
                "Simple",
                "autoloader",
                "namespace",
                "psr-0"
            ],
            "time": "2014-12-28 15:32:10"
        }
    ],
    "aliases": [],
    "minimum-stability": "stable",
    "stability-flags": [],
    "prefer-stable": false,
    "prefer-lowest": false,
    "platform": {
        "php": ">=5.3.0"
    },
    "platform-dev": []
}
