{
    "_readme": [
        "This file locks the dependencies of your project to a known state",
        "Read more about it at http://getcomposer.org/doc/01-basic-usage.md#composer-lock-the-lock-file",
        "This file is @generated automatically"
    ],
    "hash": "36830425fcf5d87cfc4d2e81b5a9f0d8",
    "packages": [],
    "packages-dev": [
        {
            "name": "joefallon/phpautoloader",
            "version": "v2.0.1",
            "source": {
                "type": "git",
                "url": "https://github.com/joefallon/phpautoloader.git",
                "reference": "bae8db9f3327d44f8231f6ac414d00f9511f1dc4"
            },
            "dist": {
                "type": "zip",
                "url": "https://api.github.com/repos/joefallon/phpautoloader/zipball/bae8db9f3327d44f8231f6ac414d00f9511f1dc4",
                "reference": "bae8db9f3327d44f8231f6ac414d00f9511f1dc4",
                "shasum": ""
            },
            "type": "library",
            "autoload": {
                "psr-0": {
                    "JoeFallon": "src/"
                }
            },
            "notification-url": "https://packagist.org/downloads/",
            "license": [
                "MIT"
            ],
            "authors": [
                {
                    "name": "Joe Fallon",
                    "email": "joseph.t.fallon@gmail.com",
                    "homepage": "http://blog.joefallon.net/",
                    "role": "Lead Developer"
                }
            ],
            "description": "Joe's simple to use and versatile PHP autoloader.",
            "homepage": "https://github.com/joefallon/phpautoloader",
            "keywords": [
                "Simple",
                "autoloader",
                "namespace",
                "psr-0"
            ],
            "time": "2014-10-20 14:58:35"
        }
    ],
    "aliases": [],
    "minimum-stability": "stable",
    "stability-flags": [],
    "prefer-stable": false,
    "platform": {
        "php": ">=5.3.0"
    },
    "platform-dev": []
}
